<?xml version="1.0" encoding="utf-8"?>
<Project ToolsVersion="4.0" xmlns="http://schemas.microsoft.com/developer/msbuild/2003">
  <ItemGroup>
    <Filter Include="Source Files">
      <UniqueIdentifier>{4FC737F1-C7A5-4376-A066-2A32D752A2FF}</UniqueIdentifier>
      <Extensions>cpp;c;cc;cxx;def;odl;idl;hpj;bat;asm;asmx</Extensions>
    </Filter>
    <Filter Include="Header Files">
      <UniqueIdentifier>{93995380-89BD-4b04-88EB-625FBE52EBFB}</UniqueIdentifier>
      <Extensions>h;hh;hpp;hxx;hm;inl;inc;xsd</Extensions>
    </Filter>
    <Filter Include="Resource Files">
      <UniqueIdentifier>{67DA6AB6-F800-4c08-8B7A-83BB121AAD01}</UniqueIdentifier>
      <Extensions>rc;ico;cur;bmp;dlg;rc2;rct;bin;rgs;gif;jpg;jpeg;jpe;resx;tiff;tif;png;wav;mfcribbon-ms</Extensions>
    </Filter>
    <Filter Include="Common">
      <UniqueIdentifier>{d34c7193-0b50-4eac-9795-82b889f65816}</UniqueIdentifier>
    </Filter>
    <Filter Include="Common\FX11">
      <UniqueIdentifier>{b43c2045-04b6-4725-93e1-026b1ed755ab}</UniqueIdentifier>
    </Filter>
    <Filter Include="Libraries">
      <UniqueIdentifier>{afa5e340-db73-43d3-ad98-e67714ab1063}</UniqueIdentifier>
    </Filter>
    <Filter Include="FX">
      <UniqueIdentifier>{c5cbbba2-888a-497c-92c1-259fea235929}</UniqueIdentifier>
    </Filter>
  </ItemGroup>
  <ItemGroup>
    <ClCompile Include="..\Common\d3dApp.cpp">
      <Filter>Common</Filter>
    </ClCompile>
    <ClCompile Include="..\Common\d3dUtil.cpp">
      <Filter>Common</Filter>
    </ClCompile>
    <ClCompile Include="..\Common\GameTimer.cpp">
      <Filter>Common</Filter>
    </ClCompile>
    <ClCompile Include="..\Common\MathHelper.cpp">
      <Filter>Common</Filter>
    </ClCompile>
    <ClCompile Include="..\Libraries\DirectXTK\DDSTextureLoader.cpp">
      <Filter>Libraries</Filter>
    </ClCompile>
    <ClCompile Include="..\Libraries\DirectXTK\pch.cpp">
      <Filter>Libraries</Filter>
    </ClCompile>
    <ClCompile Include="Simulation3D.cpp">
      <Filter>Source Files</Filter>
    </ClCompile>
    <ClCompile Include="FluidSimDemoOld.cpp">
      <Filter>Source Files</Filter>
    </ClCompile>
    <ClCompile Include="FluidSimDemoOld3D.cpp">
      <Filter>Source Files</Filter>
    </ClCompile>
    <ClCompile Include="FluidSimDemo.cpp">
      <Filter>Source Files</Filter>
    </ClCompile>
    <ClCompile Include="Simulation2D.cpp">
      <Filter>Source Files</Filter>
    </ClCompile>
    <ClCompile Include="Simulation.cpp">
      <Filter>Source Files</Filter>
    </ClCompile>
  </ItemGroup>
  <ItemGroup>
    <ClInclude Include="..\Common\d3dApp.h">
      <Filter>Common</Filter>
    </ClInclude>
    <ClInclude Include="..\Common\d3dUtil.h">
      <Filter>Common</Filter>
    </ClInclude>
    <ClInclude Include="..\Common\GameTimer.h">
      <Filter>Common</Filter>
    </ClInclude>
    <ClInclude Include="..\Common\MathHelper.h">
      <Filter>Common</Filter>
    </ClInclude>
    <ClInclude Include="..\Common\odprintf.h">
      <Filter>Common</Filter>
    </ClInclude>
    <ClInclude Include="..\Common\FX11\d3dx11effect.h">
      <Filter>Common\FX11</Filter>
    </ClInclude>
    <ClInclude Include="newcompiler.h">
      <Filter>Header Files</Filter>
    </ClInclude>
    <ClInclude Include="..\Libraries\DirectXTK\dds.h">
      <Filter>Libraries</Filter>
    </ClInclude>
    <ClInclude Include="..\Libraries\DirectXTK\DDSTextureLoader.h">
      <Filter>Libraries</Filter>
    </ClInclude>
    <ClInclude Include="..\Libraries\DirectXTK\DirectXHelpers.h">
      <Filter>Libraries</Filter>
    </ClInclude>
    <ClInclude Include="..\Libraries\DirectXTK\LoaderHelpers.h">
      <Filter>Libraries</Filter>
    </ClInclude>
    <ClInclude Include="..\Libraries\DirectXTK\pch.h">
      <Filter>Libraries</Filter>
    </ClInclude>
    <ClInclude Include="..\Libraries\DirectXTK\PlatformHelpers.h">
      <Filter>Libraries</Filter>
    </ClInclude>
    <ClInclude Include="debugroutines.h">
      <Filter>Common</Filter>
    </ClInclude>
    <ClInclude Include="Simulation3D.h">
      <Filter>Source Files</Filter>
    </ClInclude>
    <ClInclude Include="Simulation2D.h">
      <Filter>Source Files</Filter>
    </ClInclude>
    <ClInclude Include="Simulation.h">
      <Filter>Source Files</Filter>
    </ClInclude>
    <ClInclude Include="ParticleDefs.h">
      <Filter>Source Files</Filter>
    </ClInclude>
  </ItemGroup>
  <ItemGroup>
    <FxCompile Include="FX\Basic.fx">
      <Filter>FX</Filter>
    </FxCompile>
    <FxCompile Include="FX\color.fx">
      <Filter>FX</Filter>
    </FxCompile>
    <FxCompile Include="FX\DebugPoints.fx">
      <Filter>FX</Filter>
    </FxCompile>
    <FxCompile Include="FX\DebugPointsQuads.fx">
      <Filter>FX</Filter>
    </FxCompile>
    <FxCompile Include="FX\gpAdvect.hlsl">
      <Filter>FX</Filter>
    </FxCompile>
    <FxCompile Include="FX\gpBinParticles.hlsl">
      <Filter>FX</Filter>
    </FxCompile>
    <FxCompile Include="FX\gpClearFloatArray.hlsl">
      <Filter>FX</Filter>
    </FxCompile>
    <FxCompile Include="FX\gpClearIntArray.hlsl">
      <Filter>FX</Filter>
    </FxCompile>
    <FxCompile Include="FX\gpComputeClosestParticleNeighbors.hlsl">
      <Filter>FX</Filter>
    </FxCompile>
    <FxCompile Include="FX\gpCountParticles.hlsl">
      <Filter>FX</Filter>
    </FxCompile>
    <FxCompile Include="FX\gpClosestParticlesSweepXm.hlsl">
      <Filter>FX</Filter>
    </FxCompile>
    <FxCompile Include="FX\gpClosestParticlesSweepXp.hlsl">
      <Filter>FX</Filter>
    </FxCompile>
    <FxCompile Include="FX\gpClosestParticlesSweepYm.hlsl">
      <Filter>FX</Filter>
    </FxCompile>
    <FxCompile Include="FX\gpClosestParticlesSweepYp.hlsl">
      <Filter>FX</Filter>
    </FxCompile>
    <FxCompile Include="FX\gpClosestParticlesSweepZm.hlsl">
      <Filter>FX</Filter>
    </FxCompile>
    <FxCompile Include="FX\gpClosestParticlesSweepZp.hlsl">
      <Filter>FX</Filter>
    </FxCompile>
    <FxCompile Include="FX\gpTransferParticleVelocitiesU.hlsl">
      <Filter>FX</Filter>
    </FxCompile>
    <FxCompile Include="FX\gpTransferParticleVelocitiesV.hlsl">
      <Filter>FX</Filter>
    </FxCompile>
    <FxCompile Include="FX\gpTransferParticleVelocitiesW.hlsl">
      <Filter>FX</Filter>
    </FxCompile>
    <FxCompile Include="FX\gpAddBodyForces.hlsl">
      <Filter>FX</Filter>
    </FxCompile>
    <FxCompile Include="FX\gpProjectComputeRHS.hlsl">
      <Filter>FX</Filter>
    </FxCompile>
    <FxCompile Include="FX\gpProjectComputeDiagCoeffs.hlsl">
      <Filter>FX</Filter>
    </FxCompile>
    <FxCompile Include="FX\gpProjectToVel.hlsl">
      <Filter>FX</Filter>
    </FxCompile>
    <FxCompile Include="FX\gpProjectIteration2.hlsl">
      <Filter>FX</Filter>
    </FxCompile>
    <FxCompile Include="FX\gpProjectIteration1.hlsl">
      <Filter>FX</Filter>
    </FxCompile>
    <FxCompile Include="FX\gpUpdateParticleVelocities.hlsl">
      <Filter>FX</Filter>
    </FxCompile>
    <FxCompile Include="FX\DebugPointsQuadsCS.fx">
      <Filter>FX</Filter>
    </FxCompile>
    <FxCompile Include="FX\gpExtrapolateParticleVelocities.hlsl">
      <Filter>FX</Filter>
    </FxCompile>
    <FxCompile Include="FX\Render.fx">
      <Filter>FX</Filter>
    </FxCompile>
    <FxCompile Include="FX\gpBlur.hlsl">
      <Filter>FX</Filter>
    </FxCompile>
  </ItemGroup>
  <ItemGroup>
    <None Include="FX\gpStdParameters.hlsli">
      <Filter>FX</Filter>
    </None>
    <None Include="FX\gpParticleIndexing.hlsli">
      <Filter>FX</Filter>
    </None>
    <None Include="FX\gpParticleStruct.hlsli">
      <Filter>FX</Filter>
    </None>
  </ItemGroup>
</Project>